
Microsoft Visual Studio Solution File, Format Version 12.00
# Visual Studio Version 16
VisualStudioVersion = 16.0.30804.86
MinimumVisualStudioVersion = 10.0.40219.1
Project("{9A19103F-16F7-4668-BE54-9A1E7A4F7556}") = "Bank.Api", "Bank.Api\Bank.Api.csproj", "{99C45DA8-EC22-4099-90AD-5BE9466F788A}"
EndProject
Project("{9A19103F-16F7-4668-BE54-9A1E7A4F7556}") = "Bank.Messages", "Bank.Messages\Bank.Messages.csproj", "{68379028-E929-4C37-B8F5-6A3F09364829}"
EndProject
Project("{9A19103F-16F7-4668-BE54-9A1E7A4F7556}") = "Accounts.Api", "Account.Api\Accounts.Api.csproj", "{C042A046-A673-4B06-85DE-D0E52A84BF55}"
EndProject
Project("{2150E333-8FDC-42A3-9474-1A3956D46DE8}") = "Bank", "Bank", "{67AAF7A3-459D-4AFF-A2AF-5C971BB5176C}"
EndProject
Project("{2150E333-8FDC-42A3-9474-1A3956D46DE8}") = "Accounts", "Accounts", "{EB45BCE4-E276-45EB-8537-5D132E0C357C}"
EndProject
Project("{9A19103F-16F7-4668-BE54-9A1E7A4F7556}") = "Accounts.Messages", "Accounts.Messages\Accounts.Messages.csproj", "{72CD5086-AC2A-4008-9FB3-9643F83CD01D}"
EndProject
Project("{9A19103F-16F7-4668-BE54-9A1E7A4F7556}") = "Withdraw.Api", "Withdraw.Api\Withdraw.Api.csproj", "{9599C899-1F35-4795-8331-78D85083194B}"
EndProject
Project("{2150E333-8FDC-42A3-9474-1A3956D46DE8}") = "Withdraw", "Withdraw", "{0C957A4C-CF02-4109-ACF8-E09CAF953027}"
EndProject
Project("{9A19103F-16F7-4668-BE54-9A1E7A4F7556}") = "Withdraw.Messages", "Withdraw.Messages\Withdraw.Messages.csproj", "{2753F604-550E-4206-BD57-0310D0F1CB30}"
EndProject
Project("{9A19103F-16F7-4668-BE54-9A1E7A4F7556}") = "Bank.Domain", "Bank.Domain\Bank.Domain.csproj", "{472FAA42-5466-4C91-AC73-03A6B892AD3E}"
EndProject
Project("{9A19103F-16F7-4668-BE54-9A1E7A4F7556}") = "Accounts.Server", "Accounts.Server\Accounts.Server.csproj", "{BE32D962-209E-4BCE-82A9-B357EF318CA3}"
EndProject
Project("{9A19103F-16F7-4668-BE54-9A1E7A4F7556}") = "Withdraw.Server", "Withdraw.Server\Withdraw.Server.csproj", "{E1847BAA-046F-4606-B872-8D7A90FB49A8}"
EndProject
Project("{9A19103F-16F7-4668-BE54-9A1E7A4F7556}") = "Withdraw.Domain", "Withdraw.Domain\Withdraw.Domain.csproj", "{25BA208F-F523-407D-ABF4-8DC64B58BDC8}"
EndProject
Project("{9A19103F-16F7-4668-BE54-9A1E7A4F7556}") = "Accounts.Domain", "Accounts.Domain\Accounts.Domain.csproj", "{B7E9C7FB-9619-4198-9071-8C2A6295E57A}"
EndProject
Project("{FAE04EC0-301F-11D3-BF4B-00C04F79EFBC}") = "AccountIntegrationClient", "AccountConsoleClient\AccountIntegrationClient.csproj", "{F3A28AF0-695D-4FC5-8F3E-869191C84308}"
EndProject
Project("{2150E333-8FDC-42A3-9474-1A3956D46DE8}") = "Api", "Api", "{6BD185C6-1CBD-43AB-BAC3-3670DA9D7AEA}"
EndProject
Project("{2150E333-8FDC-42A3-9474-1A3956D46DE8}") = "Server", "Server", "{ABFD87DE-4A6D-4B75-B882-AD824F466BAD}"
EndProject
Project("{FAE04EC0-301F-11D3-BF4B-00C04F79EFBC}") = "WithdrawIntegrationClient", "WithdrawIntegrationClient\WithdrawIntegrationClient.csproj", "{1EBFE9F1-FE35-4050-AD4A-9697801B8032}"
EndProject
Project("{2150E333-8FDC-42A3-9474-1A3956D46DE8}") = "Server", "Server", "{70CF24A1-8075-4B94-8BA5-C8C8C0245E9D}"
EndProject
Project("{2150E333-8FDC-42A3-9474-1A3956D46DE8}") = "Client", "Client", "{20A4B45C-18A3-4EF1-B91A-32CF6AD75620}"
EndProject
Project("{2150E333-8FDC-42A3-9474-1A3956D46DE8}") = "Client", "Client", "{653A833D-A542-43DF-813A-12EAA989E85D}"
EndProject
Project("{2150E333-8FDC-42A3-9474-1A3956D46DE8}") = "Api", "Api", "{A1791C01-2433-4925-ADB8-5185D306D22B}"
EndProject
Global
	GlobalSection(SolutionConfigurationPlatforms) = preSolution
		Debug|Any CPU = Debug|Any CPU
		Release|Any CPU = Release|Any CPU
	EndGlobalSection
	GlobalSection(ProjectConfigurationPlatforms) = postSolution
		{99C45DA8-EC22-4099-90AD-5BE9466F788A}.Debug|Any CPU.ActiveCfg = Debug|Any CPU
		{99C45DA8-EC22-4099-90AD-5BE9466F788A}.Debug|Any CPU.Build.0 = Debug|Any CPU
		{99C45DA8-EC22-4099-90AD-5BE9466F788A}.Release|Any CPU.ActiveCfg = Release|Any CPU
		{99C45DA8-EC22-4099-90AD-5BE9466F788A}.Release|Any CPU.Build.0 = Release|Any CPU
		{68379028-E929-4C37-B8F5-6A3F09364829}.Debug|Any CPU.ActiveCfg = Debug|Any CPU
		{68379028-E929-4C37-B8F5-6A3F09364829}.Debug|Any CPU.Build.0 = Debug|Any CPU
		{68379028-E929-4C37-B8F5-6A3F09364829}.Release|Any CPU.ActiveCfg = Release|Any CPU
		{68379028-E929-4C37-B8F5-6A3F09364829}.Release|Any CPU.Build.0 = Release|Any CPU
		{C042A046-A673-4B06-85DE-D0E52A84BF55}.Debug|Any CPU.ActiveCfg = Debug|Any CPU
		{C042A046-A673-4B06-85DE-D0E52A84BF55}.Debug|Any CPU.Build.0 = Debug|Any CPU
		{C042A046-A673-4B06-85DE-D0E52A84BF55}.Release|Any CPU.ActiveCfg = Release|Any CPU
		{C042A046-A673-4B06-85DE-D0E52A84BF55}.Release|Any CPU.Build.0 = Release|Any CPU
		{72CD5086-AC2A-4008-9FB3-9643F83CD01D}.Debug|Any CPU.ActiveCfg = Debug|Any CPU
		{72CD5086-AC2A-4008-9FB3-9643F83CD01D}.Debug|Any CPU.Build.0 = Debug|Any CPU
		{72CD5086-AC2A-4008-9FB3-9643F83CD01D}.Release|Any CPU.ActiveCfg = Release|Any CPU
		{72CD5086-AC2A-4008-9FB3-9643F83CD01D}.Release|Any CPU.Build.0 = Release|Any CPU
		{9599C899-1F35-4795-8331-78D85083194B}.Debug|Any CPU.ActiveCfg = Debug|Any CPU
		{9599C899-1F35-4795-8331-78D85083194B}.Debug|Any CPU.Build.0 = Debug|Any CPU
		{9599C899-1F35-4795-8331-78D85083194B}.Release|Any CPU.ActiveCfg = Release|Any CPU
		{9599C899-1F35-4795-8331-78D85083194B}.Release|Any CPU.Build.0 = Release|Any CPU
		{2753F604-550E-4206-BD57-0310D0F1CB30}.Debug|Any CPU.ActiveCfg = Debug|Any CPU
		{2753F604-550E-4206-BD57-0310D0F1CB30}.Debug|Any CPU.Build.0 = Debug|Any CPU
		{2753F604-550E-4206-BD57-0310D0F1CB30}.Release|Any CPU.ActiveCfg = Release|Any CPU
		{2753F604-550E-4206-BD57-0310D0F1CB30}.Release|Any CPU.Build.0 = Release|Any CPU
		{472FAA42-5466-4C91-AC73-03A6B892AD3E}.Debug|Any CPU.ActiveCfg = Debug|Any CPU
		{472FAA42-5466-4C91-AC73-03A6B892AD3E}.Debug|Any CPU.Build.0 = Debug|Any CPU
		{472FAA42-5466-4C91-AC73-03A6B892AD3E}.Release|Any CPU.ActiveCfg = Release|Any CPU
		{472FAA42-5466-4C91-AC73-03A6B892AD3E}.Release|Any CPU.Build.0 = Release|Any CPU
		{BE32D962-209E-4BCE-82A9-B357EF318CA3}.Debug|Any CPU.ActiveCfg = Debug|Any CPU
		{BE32D962-209E-4BCE-82A9-B357EF318CA3}.Debug|Any CPU.Build.0 = Debug|Any CPU
		{BE32D962-209E-4BCE-82A9-B357EF318CA3}.Release|Any CPU.ActiveCfg = Release|Any CPU
		{BE32D962-209E-4BCE-82A9-B357EF318CA3}.Release|Any CPU.Build.0 = Release|Any CPU
		{E1847BAA-046F-4606-B872-8D7A90FB49A8}.Debug|Any CPU.ActiveCfg = Debug|Any CPU
		{E1847BAA-046F-4606-B872-8D7A90FB49A8}.Debug|Any CPU.Build.0 = Debug|Any CPU
		{E1847BAA-046F-4606-B872-8D7A90FB49A8}.Release|Any CPU.ActiveCfg = Release|Any CPU
		{E1847BAA-046F-4606-B872-8D7A90FB49A8}.Release|Any CPU.Build.0 = Release|Any CPU
		{25BA208F-F523-407D-ABF4-8DC64B58BDC8}.Debug|Any CPU.ActiveCfg = Debug|Any CPU
		{25BA208F-F523-407D-ABF4-8DC64B58BDC8}.Debug|Any CPU.Build.0 = Debug|Any CPU
		{25BA208F-F523-407D-ABF4-8DC64B58BDC8}.Release|Any CPU.ActiveCfg = Release|Any CPU
		{25BA208F-F523-407D-ABF4-8DC64B58BDC8}.Release|Any CPU.Build.0 = Release|Any CPU
		{B7E9C7FB-9619-4198-9071-8C2A6295E57A}.Debug|Any CPU.ActiveCfg = Debug|Any CPU
		{B7E9C7FB-9619-4198-9071-8C2A6295E57A}.Debug|Any CPU.Build.0 = Debug|Any CPU
		{B7E9C7FB-9619-4198-9071-8C2A6295E57A}.Release|Any CPU.ActiveCfg = Release|Any CPU
		{B7E9C7FB-9619-4198-9071-8C2A6295E57A}.Release|Any CPU.Build.0 = Release|Any CPU
		{F3A28AF0-695D-4FC5-8F3E-869191C84308}.Debug|Any CPU.ActiveCfg = Debug|Any CPU
		{F3A28AF0-695D-4FC5-8F3E-869191C84308}.Debug|Any CPU.Build.0 = Debug|Any CPU
		{F3A28AF0-695D-4FC5-8F3E-869191C84308}.Release|Any CPU.ActiveCfg = Release|Any CPU
		{F3A28AF0-695D-4FC5-8F3E-869191C84308}.Release|Any CPU.Build.0 = Release|Any CPU
		{1EBFE9F1-FE35-4050-AD4A-9697801B8032}.Debug|Any CPU.ActiveCfg = Debug|Any CPU
		{1EBFE9F1-FE35-4050-AD4A-9697801B8032}.Debug|Any CPU.Build.0 = Debug|Any CPU
		{1EBFE9F1-FE35-4050-AD4A-9697801B8032}.Release|Any CPU.ActiveCfg = Release|Any CPU
		{1EBFE9F1-FE35-4050-AD4A-9697801B8032}.Release|Any CPU.Build.0 = Release|Any CPU
	EndGlobalSection
	GlobalSection(SolutionProperties) = preSolution
		HideSolutionNode = FALSE
	EndGlobalSection
	GlobalSection(NestedProjects) = preSolution
		{99C45DA8-EC22-4099-90AD-5BE9466F788A} = {67AAF7A3-459D-4AFF-A2AF-5C971BB5176C}
		{68379028-E929-4C37-B8F5-6A3F09364829} = {67AAF7A3-459D-4AFF-A2AF-5C971BB5176C}
		{C042A046-A673-4B06-85DE-D0E52A84BF55} = {6BD185C6-1CBD-43AB-BAC3-3670DA9D7AEA}
		{72CD5086-AC2A-4008-9FB3-9643F83CD01D} = {6BD185C6-1CBD-43AB-BAC3-3670DA9D7AEA}
		{9599C899-1F35-4795-8331-78D85083194B} = {A1791C01-2433-4925-ADB8-5185D306D22B}
		{2753F604-550E-4206-BD57-0310D0F1CB30} = {A1791C01-2433-4925-ADB8-5185D306D22B}
		{472FAA42-5466-4C91-AC73-03A6B892AD3E} = {67AAF7A3-459D-4AFF-A2AF-5C971BB5176C}
		{BE32D962-209E-4BCE-82A9-B357EF318CA3} = {ABFD87DE-4A6D-4B75-B882-AD824F466BAD}
		{E1847BAA-046F-4606-B872-8D7A90FB49A8} = {70CF24A1-8075-4B94-8BA5-C8C8C0245E9D}
		{25BA208F-F523-407D-ABF4-8DC64B58BDC8} = {A1791C01-2433-4925-ADB8-5185D306D22B}
		{B7E9C7FB-9619-4198-9071-8C2A6295E57A} = {6BD185C6-1CBD-43AB-BAC3-3670DA9D7AEA}
		{F3A28AF0-695D-4FC5-8F3E-869191C84308} = {20A4B45C-18A3-4EF1-B91A-32CF6AD75620}
		{6BD185C6-1CBD-43AB-BAC3-3670DA9D7AEA} = {EB45BCE4-E276-45EB-8537-5D132E0C357C}
		{ABFD87DE-4A6D-4B75-B882-AD824F466BAD} = {EB45BCE4-E276-45EB-8537-5D132E0C357C}
		{1EBFE9F1-FE35-4050-AD4A-9697801B8032} = {653A833D-A542-43DF-813A-12EAA989E85D}
		{70CF24A1-8075-4B94-8BA5-C8C8C0245E9D} = {0C957A4C-CF02-4109-ACF8-E09CAF953027}
		{20A4B45C-18A3-4EF1-B91A-32CF6AD75620} = {EB45BCE4-E276-45EB-8537-5D132E0C357C}
		{653A833D-A542-43DF-813A-12EAA989E85D} = {0C957A4C-CF02-4109-ACF8-E09CAF953027}
		{A1791C01-2433-4925-ADB8-5185D306D22B} = {0C957A4C-CF02-4109-ACF8-E09CAF953027}
	EndGlobalSection
	GlobalSection(ExtensibilityGlobals) = postSolution
		SolutionGuid = {F1F17E60-C112-44CB-8EE2-98BD4153DA5B}
	EndGlobalSection
EndGlobal
