
Microsoft Visual Studio Solution File, Format Version 12.00
# Visual Studio Version 16
VisualStudioVersion = 16.0.30717.126
MinimumVisualStudioVersion = 10.0.40219.1
Project("{FAE04EC0-301F-11D3-BF4B-00C04F79EFBC}") = "HelloGrpc", "HelloGrpc.csproj", "{08589E48-B676-4235-879C-B9CBF534B3C1}"
EndProject
Project("{FAE04EC0-301F-11D3-BF4B-00C04F79EFBC}") = "HelloRpcClient", "..\HelloRpcClient\HelloRpcClient.csproj", "{88F2E9E8-9312-4D12-BCC3-152961C7AD12}"
EndProject
Global
	GlobalSection(SolutionConfigurationPlatforms) = preSolution
		Debug|Any CPU = Debug|Any CPU
		Release|Any CPU = Release|Any CPU
	EndGlobalSection
	GlobalSection(ProjectConfigurationPlatforms) = postSolution
		{08589E48-B676-4235-879C-B9CBF534B3C1}.Debug|Any CPU.ActiveCfg = Debug|Any CPU
		{08589E48-B676-4235-879C-B9CBF534B3C1}.Debug|Any CPU.Build.0 = Debug|Any CPU
		{08589E48-B676-4235-879C-B9CBF534B3C1}.Release|Any CPU.ActiveCfg = Release|Any CPU
		{08589E48-B676-4235-879C-B9CBF534B3C1}.Release|Any CPU.Build.0 = Release|Any CPU
		{88F2E9E8-9312-4D12-BCC3-152961C7AD12}.Debug|Any CPU.ActiveCfg = Debug|Any CPU
		{88F2E9E8-9312-4D12-BCC3-152961C7AD12}.Debug|Any CPU.Build.0 = Debug|Any CPU
		{88F2E9E8-9312-4D12-BCC3-152961C7AD12}.Release|Any CPU.ActiveCfg = Release|Any CPU
		{88F2E9E8-9312-4D12-BCC3-152961C7AD12}.Release|Any CPU.Build.0 = Release|Any CPU
	EndGlobalSection
	GlobalSection(SolutionProperties) = preSolution
		HideSolutionNode = FALSE
	EndGlobalSection
	GlobalSection(ExtensibilityGlobals) = postSolution
		SolutionGuid = {138CA4F6-4C2C-489E-956E-2F826896342F}
	EndGlobalSection
EndGlobal
